
Microsoft Visual Studio Solution File, Format Version 12.00
# Visual Studio Version 17
VisualStudioVersion = 17.4.33205.214
MinimumVisualStudioVersion = 10.0.40219.1
Project("{FAE04EC0-301F-11D3-BF4B-00C04F79EFBC}") = "DnD-CharacterCollection", "DnD-CharacterCollection\DnD-CharacterCollection.csproj", "{9C89D2C4-7074-4575-9F4A-28A0B3CE9BC3}"
EndProject
Global
	GlobalSection(SolutionConfigurationPlatforms) = preSolution
		Debug|Any CPU = Debug|Any CPU
		Release|Any CPU = Release|Any CPU
	EndGlobalSection
	GlobalSection(ProjectConfigurationPlatforms) = postSolution
		{9C89D2C4-7074-4575-9F4A-28A0B3CE9BC3}.Debug|Any CPU.ActiveCfg = Debug|Any CPU
		{9C89D2C4-7074-4575-9F4A-28A0B3CE9BC3}.Debug|Any CPU.Build.0 = Debug|Any CPU
		{9C89D2C4-7074-4575-9F4A-28A0B3CE9BC3}.Release|Any CPU.ActiveCfg = Release|Any CPU
		{9C89D2C4-7074-4575-9F4A-28A0B3CE9BC3}.Release|Any CPU.Build.0 = Release|Any CPU
	EndGlobalSection
	GlobalSection(SolutionProperties) = preSolution
		HideSolutionNode = FALSE
	EndGlobalSection
	GlobalSection(ExtensibilityGlobals) = postSolution
		SolutionGuid = {1AFB5C25-DC05-4D94-9AED-2D2A11127FB6}
	EndGlobalSection
EndGlobal
